# This file is automatically @generated by Cargo.
# It is not intended for manual editing.
version = 4

[[package]]
name = "rawzip"
version = "0.0.7"
source = "registry+https://github.com/rust-lang/crates.io-index"
checksum = "0ec324e0457f4f630190d71b2470747043e232f313e5da9539cb9296c51ad253"

[[package]]
name = "wacksy"
version = "0.1.0"
dependencies = [
 "rawzip",
]
